# This file is automatically @generated by Cargo.
# It is not intended for manual editing.
version = 4

[[package]]
name = "readall"
version = "0.1.0"
dependencies = [
 "readall-core",
 "readall-epub",
 "readall-font",
 "readall-platform",
 "readall-render",
]

[[package]]
name = "readall-archive"
version = "0.1.0"

[[package]]
name = "readall-core"
version = "0.1.0"

[[package]]
name = "readall-epub"
version = "0.1.0"
dependencies = [
 "readall-archive",
]

[[package]]
name = "readall-font"
version = "0.1.0"

[[package]]
name = "readall-platform"
version = "0.1.0"
dependencies = [
 "readall-core",
 "readall-render",
]

[[package]]
name = "readall-render"
version = "0.1.0"
dependencies = [
 "readall-font",
]
